
Microsoft Visual Studio Solution File, Format Version 12.00
# Visual Studio Version 17
VisualStudioVersion = 17.11.35219.272
MinimumVisualStudioVersion = 10.0.40219.1
Project("{FAE04EC0-301F-11D3-BF4B-00C04F79EFBC}") = "WpfApp3", "WpfApp3\WpfApp3.csproj", "{B3BCA73F-E1F7-405A-B564-1C515BD73AAE}"
EndProject
Global
	GlobalSection(SolutionConfigurationPlatforms) = preSolution
		Debug|Any CPU = Debug|Any CPU
		Release|Any CPU = Release|Any CPU
	EndGlobalSection
	GlobalSection(ProjectConfigurationPlatforms) = postSolution
		{B3BCA73F-E1F7-405A-B564-1C515BD73AAE}.Debug|Any CPU.ActiveCfg = Debug|Any CPU
		{B3BCA73F-E1F7-405A-B564-1C515BD73AAE}.Debug|Any CPU.Build.0 = Debug|Any CPU
		{B3BCA73F-E1F7-405A-B564-1C515BD73AAE}.Release|Any CPU.ActiveCfg = Release|Any CPU
		{B3BCA73F-E1F7-405A-B564-1C515BD73AAE}.Release|Any CPU.Build.0 = Release|Any CPU
	EndGlobalSection
	GlobalSection(SolutionProperties) = preSolution
		HideSolutionNode = FALSE
	EndGlobalSection
	GlobalSection(ExtensibilityGlobals) = postSolution
		SolutionGuid = {487D2F02-4254-444D-9E65-0FDC4FAC524C}
	EndGlobalSection
EndGlobal
